
Microsoft Visual Studio Solution File, Format Version 12.00
# Visual Studio Version 16
VisualStudioVersion = 16.0.31313.79
MinimumVisualStudioVersion = 10.0.40219.1
Project("{FAE04EC0-301F-11D3-BF4B-00C04F79EFBC}") = "Boards", "Boards\Boards.csproj", "{AA4B5816-A98C-4F81-B5D5-9BC9732BFFA8}"
EndProject
Global
	GlobalSection(SolutionConfigurationPlatforms) = preSolution
		Debug|Any CPU = Debug|Any CPU
		Release|Any CPU = Release|Any CPU
	EndGlobalSection
	GlobalSection(ProjectConfigurationPlatforms) = postSolution
		{AA4B5816-A98C-4F81-B5D5-9BC9732BFFA8}.Debug|Any CPU.ActiveCfg = Debug|Any CPU
		{AA4B5816-A98C-4F81-B5D5-9BC9732BFFA8}.Debug|Any CPU.Build.0 = Debug|Any CPU
		{AA4B5816-A98C-4F81-B5D5-9BC9732BFFA8}.Release|Any CPU.ActiveCfg = Release|Any CPU
		{AA4B5816-A98C-4F81-B5D5-9BC9732BFFA8}.Release|Any CPU.Build.0 = Release|Any CPU
	EndGlobalSection
	GlobalSection(SolutionProperties) = preSolution
		HideSolutionNode = FALSE
	EndGlobalSection
	GlobalSection(ExtensibilityGlobals) = postSolution
		SolutionGuid = {7C95F9EB-6DEB-4E51-9D23-88AE8B1F93CF}
	EndGlobalSection
EndGlobal
